Microsoft Visual Studio Solution File, Format Version 11.00
# Visual Studio 2010
Project("{FAE04EC0-301F-11D3-BF4B-00C04F79EFBC}") = "WindowsApplication1", "WindowsApplication1\WindowsApplication1.csproj", "{48F95A5D-636C-4C46-BF81-756C3EBF948D}"
EndProject
Global
	GlobalSection(SolutionConfigurationPlatforms) = preSolution
		Debug|Any CPU = Debug|Any CPU
		Release|Any CPU = Release|Any CPU
	EndGlobalSection
	GlobalSection(ProjectConfigurationPlatforms) = postSolution
		{48F95A5D-636C-4C46-BF81-756C3EBF948D}.Debug|Any CPU.ActiveCfg = Debug|Any CPU
		{48F95A5D-636C-4C46-BF81-756C3EBF948D}.Debug|Any CPU.Build.0 = Debug|Any CPU
		{48F95A5D-636C-4C46-BF81-756C3EBF948D}.Release|Any CPU.ActiveCfg = Release|Any CPU
		{48F95A5D-636C-4C46-BF81-756C3EBF948D}.Release|Any CPU.Build.0 = Release|Any CPU
	EndGlobalSection
	GlobalSection(SolutionProperties) = preSolution
		HideSolutionNode = FALSE
	EndGlobalSection
EndGlobal
